
Microsoft Visual Studio Solution File, Format Version 12.00
# Visual Studio Version 16
VisualStudioVersion = 16.0.29519.87
MinimumVisualStudioVersion = 10.0.40219.1
Project("{2150E333-8FDC-42A3-9474-1A3956D46DE8}") = "Samples", "Samples", "{E7C58EBD-5476-4A12-83EB-235DE68AF079}"
EndProject
Project("{FAE04EC0-301F-11D3-BF4B-00C04F79EFBC}") = "WpfHexEditor.UnitTest", "WpfHexEditor.UnitTest\WpfHexEditor.UnitTest.csproj", "{004B0EDC-CEFD-4745-B51C-E99B53A41165}"
EndProject
Project("{2150E333-8FDC-42A3-9474-1A3956D46DE8}") = "Tests", "Tests", "{9D7389B3-BCF2-4F37-B3D9-256981687120}"
EndProject
Project("{2150E333-8FDC-42A3-9474-1A3956D46DE8}") = "AlphaStage", "AlphaStage", "{DE643380-39D7-46A7-8C4C-97626D7BF7DF}"
EndProject
Project("{9A19103F-16F7-4668-BE54-9A1E7A4F7556}") = "WpfHexaEditor", "WPFHexaEditor\WpfHexaEditor.csproj", "{62F0F12C-4D51-4684-9D3A-915E5E663804}"
EndProject
Project("{9A19103F-16F7-4668-BE54-9A1E7A4F7556}") = "WPFHexaEditorExample", "WPFHexaEditorExample\WPFHexaEditorExample.csproj", "{5286F564-DDB2-4AFD-865C-35E4C8905958}"
EndProject
Project("{FAE04EC0-301F-11D3-BF4B-00C04F79EFBC}") = "WpfHexEditor.Sample.MVVM", "WpfHexEditor.Sample.MVVM\WpfHexEditor.Sample.MVVM.csproj", "{EC4FCC7E-3097-4EDB-B9A0-F51B66BA20F5}"
EndProject
Global
	GlobalSection(SolutionConfigurationPlatforms) = preSolution
		Debug|Any CPU = Debug|Any CPU
		Release|Any CPU = Release|Any CPU
	EndGlobalSection
	GlobalSection(ProjectConfigurationPlatforms) = postSolution
		{004B0EDC-CEFD-4745-B51C-E99B53A41165}.Debug|Any CPU.ActiveCfg = Debug|Any CPU
		{004B0EDC-CEFD-4745-B51C-E99B53A41165}.Debug|Any CPU.Build.0 = Debug|Any CPU
		{004B0EDC-CEFD-4745-B51C-E99B53A41165}.Release|Any CPU.ActiveCfg = Release|Any CPU
		{004B0EDC-CEFD-4745-B51C-E99B53A41165}.Release|Any CPU.Build.0 = Release|Any CPU
		{62F0F12C-4D51-4684-9D3A-915E5E663804}.Debug|Any CPU.ActiveCfg = Debug|Any CPU
		{62F0F12C-4D51-4684-9D3A-915E5E663804}.Debug|Any CPU.Build.0 = Debug|Any CPU
		{62F0F12C-4D51-4684-9D3A-915E5E663804}.Release|Any CPU.ActiveCfg = Release|Any CPU
		{62F0F12C-4D51-4684-9D3A-915E5E663804}.Release|Any CPU.Build.0 = Release|Any CPU
		{5286F564-DDB2-4AFD-865C-35E4C8905958}.Debug|Any CPU.ActiveCfg = Debug|Any CPU
		{5286F564-DDB2-4AFD-865C-35E4C8905958}.Debug|Any CPU.Build.0 = Debug|Any CPU
		{5286F564-DDB2-4AFD-865C-35E4C8905958}.Release|Any CPU.ActiveCfg = Release|Any CPU
		{5286F564-DDB2-4AFD-865C-35E4C8905958}.Release|Any CPU.Build.0 = Release|Any CPU
		{EC4FCC7E-3097-4EDB-B9A0-F51B66BA20F5}.Debug|Any CPU.ActiveCfg = Debug|Any CPU
		{EC4FCC7E-3097-4EDB-B9A0-F51B66BA20F5}.Debug|Any CPU.Build.0 = Debug|Any CPU
		{EC4FCC7E-3097-4EDB-B9A0-F51B66BA20F5}.Release|Any CPU.ActiveCfg = Release|Any CPU
		{EC4FCC7E-3097-4EDB-B9A0-F51B66BA20F5}.Release|Any CPU.Build.0 = Release|Any CPU
	EndGlobalSection
	GlobalSection(SolutionProperties) = preSolution
		HideSolutionNode = FALSE
	EndGlobalSection
	GlobalSection(NestedProjects) = preSolution
		{004B0EDC-CEFD-4745-B51C-E99B53A41165} = {9D7389B3-BCF2-4F37-B3D9-256981687120}
		{DE643380-39D7-46A7-8C4C-97626D7BF7DF} = {E7C58EBD-5476-4A12-83EB-235DE68AF079}
		{5286F564-DDB2-4AFD-865C-35E4C8905958} = {E7C58EBD-5476-4A12-83EB-235DE68AF079}
		{EC4FCC7E-3097-4EDB-B9A0-F51B66BA20F5} = {DE643380-39D7-46A7-8C4C-97626D7BF7DF}
	EndGlobalSection
	GlobalSection(ExtensibilityGlobals) = postSolution
		SolutionGuid = {5B382CAE-4846-466E-A3D3-0842043B4012}
	EndGlobalSection
	GlobalSection(Performance) = preSolution
		HasPerformanceSessions = true
	EndGlobalSection
	GlobalSection(Performance) = preSolution
		HasPerformanceSessions = true
	EndGlobalSection
EndGlobal
